
Microsoft Visual Studio Solution File, Format Version 11.00
# Visual Studio 2010
Project("{8BC9CEB8-8B4A-11D0-8D11-00A0C91BC942}") = "作业累加", "作业累加\作业累加.vcxproj", "{4DB8C1F0-D9E0-4489-89BD-8D3B5D32C750}"
EndProject
Global
	GlobalSection(SolutionConfigurationPlatforms) = preSolution
		Debug|Win32 = Debug|Win32
		Release|Win32 = Release|Win32
	EndGlobalSection
	GlobalSection(ProjectConfigurationPlatforms) = postSolution
		{4DB8C1F0-D9E0-4489-89BD-8D3B5D32C750}.Debug|Win32.ActiveCfg = Debug|Win32
		{4DB8C1F0-D9E0-4489-89BD-8D3B5D32C750}.Debug|Win32.Build.0 = Debug|Win32
		{4DB8C1F0-D9E0-4489-89BD-8D3B5D32C750}.Release|Win32.ActiveCfg = Release|Win32
		{4DB8C1F0-D9E0-4489-89BD-8D3B5D32C750}.Release|Win32.Build.0 = Release|Win32
	EndGlobalSection
	GlobalSection(SolutionProperties) = preSolution
		HideSolutionNode = FALSE
	EndGlobalSection
EndGlobal
