
Microsoft Visual Studio Solution File, Format Version 11.00
# Visual Studio 2010
Project("{8BC9CEB8-8B4A-11D0-8D11-00A0C91BC942}") = "5-6 e数列", "5-6 e数列\5-6 e数列.vcxproj", "{C95C9CA5-DC8C-4935-8944-7007BF4EF2B8}"
EndProject
Global
	GlobalSection(SolutionConfigurationPlatforms) = preSolution
		Debug|Win32 = Debug|Win32
		Release|Win32 = Release|Win32
	EndGlobalSection
	GlobalSection(ProjectConfigurationPlatforms) = postSolution
		{C95C9CA5-DC8C-4935-8944-7007BF4EF2B8}.Debug|Win32.ActiveCfg = Debug|Win32
		{C95C9CA5-DC8C-4935-8944-7007BF4EF2B8}.Debug|Win32.Build.0 = Debug|Win32
		{C95C9CA5-DC8C-4935-8944-7007BF4EF2B8}.Release|Win32.ActiveCfg = Release|Win32
		{C95C9CA5-DC8C-4935-8944-7007BF4EF2B8}.Release|Win32.Build.0 = Release|Win32
	EndGlobalSection
	GlobalSection(SolutionProperties) = preSolution
		HideSolutionNode = FALSE
	EndGlobalSection
EndGlobal
